// !$*UTF8*$!
{
	archiveVersion = 1;
	classes = {
	};
	objectVersion = 50;
	objects = {

/* Begin PBXFileReference section */
		9A034EB226B1A4AF00C0F183 /* Chapter5.playground */ = {isa = PBXFileReference; lastKnownFileType = file.playground; path = Chapter5.playground; sourceTree = "<group>"; xcLanguageSpecificationIdentifier = xcode.lang.swift; };
		9A03A8F72691D99500C8FFCA /* MyPlayground.playground */ = {isa = PBXFileReference; lastKnownFileType = file.playground; path = MyPlayground.playground; sourceTree = "<group>"; xcLanguageSpecificationIdentifier = xcode.lang.swift; };
		9A1776A42695DD41005FDCF7 /* Chapter3.playground */ = {isa = PBXFileReference; lastKnownFileType = file.playground; path = Chapter3.playground; sourceTree = "<group>"; xcLanguageSpecificationIdentifier = xcode.lang.swift; };
		9AB60BDB269ADB680061A31E /* Chapter4.playground */ = {isa = PBXFileReference; lastKnownFileType = file.playground; path = Chapter4.playground; sourceTree = "<group>"; xcLanguageSpecificationIdentifier = xcode.lang.swift; };
		9AFDD5F326934E0E009F2D26 /* Chapter2.playground */ = {isa = PBXFileReference; lastKnownFileType = file.playground; path = Chapter2.playground; sourceTree = "<group>"; xcLanguageSpecificationIdentifier = xcode.lang.swift; };
/* End PBXFileReference section */

/* Begin PBXGroup section */
		9A03A8EF2691D8F200C8FFCA = {
			isa = PBXGroup;
			children = (
				9A034EB226B1A4AF00C0F183 /* Chapter5.playground */,
				9AB60BDB269ADB680061A31E /* Chapter4.playground */,
				9A1776A42695DD41005FDCF7 /* Chapter3.playground */,
				9AFDD5F326934E0E009F2D26 /* Chapter2.playground */,
				9A03A8F72691D99500C8FFCA /* MyPlayground.playground */,
			);
			sourceTree = "<group>";
		};
/* End PBXGroup section */

/* Begin PBXProject section */
		9A03A8F02691D8F200C8FFCA /* Project object */ = {
			isa = PBXProject;
			attributes = {
				LastUpgradeCheck = 1250;
			};
			buildConfigurationList = 9A03A8F32691D8F200C8FFCA /* Build configuration list for PBXProject "StudySwift" */;
			compatibilityVersion = "Xcode 9.3";
			developmentRegion = en;
			hasScannedForEncodings = 0;
			knownRegions = (
				en,
				Base,
			);
			mainGroup = 9A03A8EF2691D8F200C8FFCA;
			projectDirPath = "";
			projectRoot = "";
			targets = (
			);
		};
/* End PBXProject section */

/* Begin XCBuildConfiguration section */
		9A03A8F42691D8F200C8FFCA /* Debug */ = {
			isa = XCBuildConfiguration;
			buildSettings = {
			};
			name = Debug;
		};
		9A03A8F52691D8F200C8FFCA /* Release */ = {
			isa = XCBuildConfiguration;
			buildSettings = {
			};
			name = Release;
		};
/* End XCBuildConfiguration section */

/* Begin XCConfigurationList section */
		9A03A8F32691D8F200C8FFCA /* Build configuration list for PBXProject "StudySwift" */ = {
			isa = XCConfigurationList;
			buildConfigurations = (
				9A03A8F42691D8F200C8FFCA /* Debug */,
				9A03A8F52691D8F200C8FFCA /* Release */,
			);
			defaultConfigurationIsVisible = 0;
			defaultConfigurationName = Release;
		};
/* End XCConfigurationList section */
	};
	rootObject = 9A03A8F02691D8F200C8FFCA /* Project object */;
}
